dependencies:
- name: litellm-helm
  repository: oci://ghcr.io/berriai
  version: 0.1.801
- name: open-webui
  repository: https://helm.openwebui.com/
  version: 8.12.2
- name: qdrant
  repository: https://qdrant.github.io/qdrant-helm
  version: 1.15.5
digest: sha256:d192353a9a52a2f53de9e10e5664b9bcf7c0435269adf0d36dddfbcbf69171f0
generated: "2025-10-24T20:11:44.577757648+10:30"
