dependencies:
- name: litellm-helm
  repository: oci://ghcr.io/berriai
  version: 0.1.819
- name: open-webui
  repository: https://helm.openwebui.com/
  version: 8.14.0
- name: qdrant
  repository: https://qdrant.github.io/qdrant-helm
  version: 1.16.0
digest: sha256:8c132b2ea28a87319f0bfc3fd86423c96fd45b9c445452bb883b78117c622111
generated: "2025-11-21T11:39:08.758018809+10:30"
